
Microsoft Visual Studio Solution File, Format Version 12.00
# Visual Studio 2012
Project("{FAE04EC0-301F-11D3-BF4B-00C04F79EFBC}") = "RealTimeSticky", "RealTimeSticky\RealTimeSticky.csproj", "{95308E9E-FB78-4E8D-9B00-4F1FB6853BCC}"
EndProject
Project("{FAE04EC0-301F-11D3-BF4B-00C04F79EFBC}") = "RealTimeSticky.DAL", "RealTimeSticky.DAL\RealTimeSticky.DAL.csproj", "{E7755582-F8C3-4702-BD6A-B50B5373A984}"
EndProject
Global
	GlobalSection(SolutionConfigurationPlatforms) = preSolution
		Debug|Any CPU = Debug|Any CPU
		Release|Any CPU = Release|Any CPU
	EndGlobalSection
	GlobalSection(ProjectConfigurationPlatforms) = postSolution
		{95308E9E-FB78-4E8D-9B00-4F1FB6853BCC}.Debug|Any CPU.ActiveCfg = Debug|Any CPU
		{95308E9E-FB78-4E8D-9B00-4F1FB6853BCC}.Debug|Any CPU.Build.0 = Debug|Any CPU
		{95308E9E-FB78-4E8D-9B00-4F1FB6853BCC}.Release|Any CPU.ActiveCfg = Release|Any CPU
		{95308E9E-FB78-4E8D-9B00-4F1FB6853BCC}.Release|Any CPU.Build.0 = Release|Any CPU
		{E7755582-F8C3-4702-BD6A-B50B5373A984}.Debug|Any CPU.ActiveCfg = Debug|Any CPU
		{E7755582-F8C3-4702-BD6A-B50B5373A984}.Debug|Any CPU.Build.0 = Debug|Any CPU
		{E7755582-F8C3-4702-BD6A-B50B5373A984}.Release|Any CPU.ActiveCfg = Release|Any CPU
		{E7755582-F8C3-4702-BD6A-B50B5373A984}.Release|Any CPU.Build.0 = Release|Any CPU
	EndGlobalSection
	GlobalSection(SolutionProperties) = preSolution
		HideSolutionNode = FALSE
	EndGlobalSection
EndGlobal
